
Microsoft Visual Studio Solution File, Format Version 12.00
# Visual Studio 15
VisualStudioVersion = 15.0.28307.421
MinimumVisualStudioVersion = 10.0.40219.1
Project("{E24C65DC-7377-472B-9ABA-BC803B73C61A}") = "ISSConfig", "ISSConfig\", "{4D36D1C1-D563-4B91-B0BB-B622C0CF1FA9}"
	ProjectSection(WebsiteProperties) = preProject
		TargetFrameworkMoniker = ".NETFramework,Version%3Dv4.6.1"
		Debug.AspNetCompiler.VirtualPath = "/localhost_50782"
		Debug.AspNetCompiler.PhysicalPath = "ISSConfig\"
		Debug.AspNetCompiler.TargetPath = "PrecompiledWeb\localhost_50782\"
		Debug.AspNetCompiler.Updateable = "true"
		Debug.AspNetCompiler.ForceOverwrite = "true"
		Debug.AspNetCompiler.FixedNames = "false"
		Debug.AspNetCompiler.Debug = "True"
		Release.AspNetCompiler.VirtualPath = "/localhost_50782"
		Release.AspNetCompiler.PhysicalPath = "ISSConfig\"
		Release.AspNetCompiler.TargetPath = "PrecompiledWeb\localhost_50782\"
		Release.AspNetCompiler.Updateable = "true"
		Release.AspNetCompiler.ForceOverwrite = "true"
		Release.AspNetCompiler.FixedNames = "false"
		Release.AspNetCompiler.Debug = "False"
		VWDPort = "50782"
		SlnRelativePath = "ISSConfig\"
		DefaultWebSiteLanguage = "Visual C#"
	EndProjectSection
EndProject
Global
	GlobalSection(SolutionConfigurationPlatforms) = preSolution
		Debug|Any CPU = Debug|Any CPU
	EndGlobalSection
	GlobalSection(ProjectConfigurationPlatforms) = postSolution
		{4D36D1C1-D563-4B91-B0BB-B622C0CF1FA9}.Debug|Any CPU.ActiveCfg = Debug|Any CPU
		{4D36D1C1-D563-4B91-B0BB-B622C0CF1FA9}.Debug|Any CPU.Build.0 = Debug|Any CPU
	EndGlobalSection
	GlobalSection(SolutionProperties) = preSolution
		HideSolutionNode = FALSE
	EndGlobalSection
	GlobalSection(ExtensibilityGlobals) = postSolution
		SolutionGuid = {CC9BB65E-5152-4949-8F49-66CBD1287B0A}
	EndGlobalSection
EndGlobal
